// !$*UTF8*$!
{
	archiveVersion = 1;
	classes = {
	};
	objectVersion = 55;
	objects = {

/* Begin PBXBuildFile section */
		E6316A4E29AA632A00DB3372 /* MostPopularView.swift in Sources */ = {isa = PBXBuildFile; fileRef = E6316A4D29AA632A00DB3372 /* MostPopularView.swift */; };
		E6316A5829AA8AB800DB3372 /* Carousel.swift in Sources */ = {isa = PBXBuildFile; fileRef = E6316A5729AA8AB800DB3372 /* Carousel.swift */; };
		E6650CED29AA074700631F2F /* CustomSearchBar.swift in Sources */ = {isa = PBXBuildFile; fileRef = E6650CEC29AA074700631F2F /* CustomSearchBar.swift */; };
		E6650CF229AA200A00631F2F /* BeVietnamPro-Regular.ttf in Resources */ = {isa = PBXBuildFile; fileRef = E6650CF129AA200A00631F2F /* BeVietnamPro-Regular.ttf */; };
		E6650CF529AA264D00631F2F /* BeVietnamPro-Bold.ttf in Resources */ = {isa = PBXBuildFile; fileRef = E6650CF429AA264D00631F2F /* BeVietnamPro-Bold.ttf */; };
		E67A8B1D29A88EAC002C8981 /* movieappApp.swift in Sources */ = {isa = PBXBuildFile; fileRef = E67A8B1C29A88EAC002C8981 /* movieappApp.swift */; };
		E67A8B1F29A88EAC002C8981 /* ContentView.swift in Sources */ = {isa = PBXBuildFile; fileRef = E67A8B1E29A88EAC002C8981 /* ContentView.swift */; };
		E67A8B2129A88EAD002C8981 /* Assets.xcassets in Resources */ = {isa = PBXBuildFile; fileRef = E67A8B2029A88EAD002C8981 /* Assets.xcassets */; };
		E67A8B2429A88EAD002C8981 /* Preview Assets.xcassets in Resources */ = {isa = PBXBuildFile; fileRef = E67A8B2329A88EAD002C8981 /* Preview Assets.xcassets */; };
		E67A8B2E29A88EAD002C8981 /* movieappTests.swift in Sources */ = {isa = PBXBuildFile; fileRef = E67A8B2D29A88EAD002C8981 /* movieappTests.swift */; };
		E67A8B3829A88EAD002C8981 /* movieappUITests.swift in Sources */ = {isa = PBXBuildFile; fileRef = E67A8B3729A88EAD002C8981 /* movieappUITests.swift */; };
		E67A8B3A29A88EAD002C8981 /* movieappUITestsLaunchTests.swift in Sources */ = {isa = PBXBuildFile; fileRef = E67A8B3929A88EAD002C8981 /* movieappUITestsLaunchTests.swift */; };
		E6D94D7729ADA97300BD8382 /* MostPopularRepository.swift in Sources */ = {isa = PBXBuildFile; fileRef = E6D94D7629ADA97300BD8382 /* MostPopularRepository.swift */; };
		E6D94D7B29ADAB6D00BD8382 /* MostPopularResponse.swift in Sources */ = {isa = PBXBuildFile; fileRef = E6D94D7A29ADAB6D00BD8382 /* MostPopularResponse.swift */; };
		E6D94D7D29ADF5D700BD8382 /* ApiConfig.swift in Sources */ = {isa = PBXBuildFile; fileRef = E6D94D7C29ADF5D700BD8382 /* ApiConfig.swift */; };
		E6D94D8129ADFC0700BD8382 /* ApiUrls.swift in Sources */ = {isa = PBXBuildFile; fileRef = E6D94D8029ADFC0700BD8382 /* ApiUrls.swift */; };
		E6D94D8329AE089400BD8382 /* AppConfigs.swift in Sources */ = {isa = PBXBuildFile; fileRef = E6D94D8229AE089400BD8382 /* AppConfigs.swift */; };
/* End PBXBuildFile section */

/* Begin PBXContainerItemProxy section */
		E67A8B2A29A88EAD002C8981 /* PBXContainerItemProxy */ = {
			isa = PBXContainerItemProxy;
			containerPortal = E67A8B1129A88EAC002C8981 /* Project object */;
			proxyType = 1;
			remoteGlobalIDString = E67A8B1829A88EAC002C8981;
			remoteInfo = movieapp;
		};
		E67A8B3429A88EAD002C8981 /* PBXContainerItemProxy */ = {
			isa = PBXContainerItemProxy;
			containerPortal = E67A8B1129A88EAC002C8981 /* Project object */;
			proxyType = 1;
			remoteGlobalIDString = E67A8B1829A88EAC002C8981;
			remoteInfo = movieapp;
		};
/* End PBXContainerItemProxy section */

/* Begin PBXFileReference section */
		E6316A4D29AA632A00DB3372 /* MostPopularView.swift */ = {isa = PBXFileReference; lastKnownFileType = sourcecode.swift; path = MostPopularView.swift; sourceTree = "<group>"; };
		E6316A5729AA8AB800DB3372 /* Carousel.swift */ = {isa = PBXFileReference; lastKnownFileType = sourcecode.swift; path = Carousel.swift; sourceTree = "<group>"; };
		E6650CEC29AA074700631F2F /* CustomSearchBar.swift */ = {isa = PBXFileReference; lastKnownFileType = sourcecode.swift; path = CustomSearchBar.swift; sourceTree = "<group>"; };
		E6650CF029AA1FD200631F2F /* BeVietnamPro-Black.ttf */ = {isa = PBXFileReference; lastKnownFileType = file; path = "BeVietnamPro-Black.ttf"; sourceTree = "<group>"; };
		E6650CF129AA200A00631F2F /* BeVietnamPro-Regular.ttf */ = {isa = PBXFileReference; lastKnownFileType = file; path = "BeVietnamPro-Regular.ttf"; sourceTree = "<group>"; };
		E6650CF329AA21C300631F2F /* Info.plist */ = {isa = PBXFileReference; lastKnownFileType = text.plist; path = Info.plist; sourceTree = "<group>"; };
		E6650CF429AA264D00631F2F /* BeVietnamPro-Bold.ttf */ = {isa = PBXFileReference; lastKnownFileType = file; path = "BeVietnamPro-Bold.ttf"; sourceTree = "<group>"; };
		E67A8B1929A88EAC002C8981 /* movieapp.app */ = {isa = PBXFileReference; explicitFileType = wrapper.application; includeInIndex = 0; path = movieapp.app; sourceTree = BUILT_PRODUCTS_DIR; };
		E67A8B1C29A88EAC002C8981 /* movieappApp.swift */ = {isa = PBXFileReference; lastKnownFileType = sourcecode.swift; path = movieappApp.swift; sourceTree = "<group>"; };
		E67A8B1E29A88EAC002C8981 /* ContentView.swift */ = {isa = PBXFileReference; lastKnownFileType = sourcecode.swift; path = ContentView.swift; sourceTree = "<group>"; };
		E67A8B2029A88EAD002C8981 /* Assets.xcassets */ = {isa = PBXFileReference; lastKnownFileType = folder.assetcatalog; path = Assets.xcassets; sourceTree = "<group>"; };
		E67A8B2329A88EAD002C8981 /* Preview Assets.xcassets */ = {isa = PBXFileReference; lastKnownFileType = folder.assetcatalog; path = "Preview Assets.xcassets"; sourceTree = "<group>"; };
		E67A8B2929A88EAD002C8981 /* movieappTests.xctest */ = {isa = PBXFileReference; explicitFileType = wrapper.cfbundle; includeInIndex = 0; path = movieappTests.xctest; sourceTree = BUILT_PRODUCTS_DIR; };
		E67A8B2D29A88EAD002C8981 /* movieappTests.swift */ = {isa = PBXFileReference; lastKnownFileType = sourcecode.swift; path = movieappTests.swift; sourceTree = "<group>"; };
		E67A8B3329A88EAD002C8981 /* movieappUITests.xctest */ = {isa = PBXFileReference; explicitFileType = wrapper.cfbundle; includeInIndex = 0; path = movieappUITests.xctest; sourceTree = BUILT_PRODUCTS_DIR; };
		E67A8B3729A88EAD002C8981 /* movieappUITests.swift */ = {isa = PBXFileReference; lastKnownFileType = sourcecode.swift; path = movieappUITests.swift; sourceTree = "<group>"; };
		E67A8B3929A88EAD002C8981 /* movieappUITestsLaunchTests.swift */ = {isa = PBXFileReference; lastKnownFileType = sourcecode.swift; path = movieappUITestsLaunchTests.swift; sourceTree = "<group>"; };
		E6D94D7629ADA97300BD8382 /* MostPopularRepository.swift */ = {isa = PBXFileReference; lastKnownFileType = sourcecode.swift; path = MostPopularRepository.swift; sourceTree = "<group>"; };
		E6D94D7A29ADAB6D00BD8382 /* MostPopularResponse.swift */ = {isa = PBXFileReference; lastKnownFileType = sourcecode.swift; path = MostPopularResponse.swift; sourceTree = "<group>"; };
		E6D94D7C29ADF5D700BD8382 /* ApiConfig.swift */ = {isa = PBXFileReference; lastKnownFileType = sourcecode.swift; path = ApiConfig.swift; sourceTree = "<group>"; };
		E6D94D8029ADFC0700BD8382 /* ApiUrls.swift */ = {isa = PBXFileReference; lastKnownFileType = sourcecode.swift; path = ApiUrls.swift; sourceTree = "<group>"; };
		E6D94D8229AE089400BD8382 /* AppConfigs.swift */ = {isa = PBXFileReference; lastKnownFileType = sourcecode.swift; path = AppConfigs.swift; sourceTree = "<group>"; };
/* End PBXFileReference section */

/* Begin PBXFrameworksBuildPhase section */
		E67A8B1629A88EAC002C8981 /* Frameworks */ = {
			isa = PBXFrameworksBuildPhase;
			buildActionMask = 2147483647;
			files = (
			);
			runOnlyForDeploymentPostprocessing = 0;
		};
		E67A8B2629A88EAD002C8981 /* Frameworks */ = {
			isa = PBXFrameworksBuildPhase;
			buildActionMask = 2147483647;
			files = (
			);
			runOnlyForDeploymentPostprocessing = 0;
		};
		E67A8B3029A88EAD002C8981 /* Frameworks */ = {
			isa = PBXFrameworksBuildPhase;
			buildActionMask = 2147483647;
			files = (
			);
			runOnlyForDeploymentPostprocessing = 0;
		};
/* End PBXFrameworksBuildPhase section */

/* Begin PBXGroup section */
		E6650CEE29AA1D8300631F2F /* Fonts */ = {
			isa = PBXGroup;
			children = (
				E6650CF429AA264D00631F2F /* BeVietnamPro-Bold.ttf */,
				E6650CF129AA200A00631F2F /* BeVietnamPro-Regular.ttf */,
				E6650CF029AA1FD200631F2F /* BeVietnamPro-Black.ttf */,
			);
			path = Fonts;
			sourceTree = "<group>";
		};
		E6708E0129ACB9B80095702A /* Api */ = {
			isa = PBXGroup;
			children = (
				E6708E0229ACB9CD0095702A /* Configs */,
				E6D94D7629ADA97300BD8382 /* MostPopularRepository.swift */,
				E6D94D7A29ADAB6D00BD8382 /* MostPopularResponse.swift */,
			);
			path = Api;
			sourceTree = "<group>";
		};
		E6708E0229ACB9CD0095702A /* Configs */ = {
			isa = PBXGroup;
			children = (
				E6D94D7C29ADF5D700BD8382 /* ApiConfig.swift */,
				E6D94D8029ADFC0700BD8382 /* ApiUrls.swift */,
				E6D94D8229AE089400BD8382 /* AppConfigs.swift */,
			);
			path = Configs;
			sourceTree = "<group>";
		};
		E67A8B1029A88EAC002C8981 = {
			isa = PBXGroup;
			children = (
				E67A8B1B29A88EAC002C8981 /* movieapp */,
				E67A8B2C29A88EAD002C8981 /* movieappTests */,
				E67A8B3629A88EAD002C8981 /* movieappUITests */,
				E67A8B1A29A88EAC002C8981 /* Products */,
			);
			sourceTree = "<group>";
		};
		E67A8B1A29A88EAC002C8981 /* Products */ = {
			isa = PBXGroup;
			children = (
				E67A8B1929A88EAC002C8981 /* movieapp.app */,
				E67A8B2929A88EAD002C8981 /* movieappTests.xctest */,
				E67A8B3329A88EAD002C8981 /* movieappUITests.xctest */,
			);
			name = Products;
			sourceTree = "<group>";
		};
		E67A8B1B29A88EAC002C8981 /* movieapp */ = {
			isa = PBXGroup;
			children = (
				E6708E0129ACB9B80095702A /* Api */,
				E6650CF329AA21C300631F2F /* Info.plist */,
				E6650CEE29AA1D8300631F2F /* Fonts */,
				E67A8B1C29A88EAC002C8981 /* movieappApp.swift */,
				E67A8B1E29A88EAC002C8981 /* ContentView.swift */,
				E67A8B2029A88EAD002C8981 /* Assets.xcassets */,
				E67A8B2229A88EAD002C8981 /* Preview Content */,
				E6650CEC29AA074700631F2F /* CustomSearchBar.swift */,
				E6316A4D29AA632A00DB3372 /* MostPopularView.swift */,
				E6316A5729AA8AB800DB3372 /* Carousel.swift */,
			);
			path = movieapp;
			sourceTree = "<group>";
		};
		E67A8B2229A88EAD002C8981 /* Preview Content */ = {
			isa = PBXGroup;
			children = (
				E67A8B2329A88EAD002C8981 /* Preview Assets.xcassets */,
			);
			path = "Preview Content";
			sourceTree = "<group>";
		};
		E67A8B2C29A88EAD002C8981 /* movieappTests */ = {
			isa = PBXGroup;
			children = (
				E67A8B2D29A88EAD002C8981 /* movieappTests.swift */,
			);
			path = movieappTests;
			sourceTree = "<group>";
		};
		E67A8B3629A88EAD002C8981 /* movieappUITests */ = {
			isa = PBXGroup;
			children = (
				E67A8B3729A88EAD002C8981 /* movieappUITests.swift */,
				E67A8B3929A88EAD002C8981 /* movieappUITestsLaunchTests.swift */,
			);
			path = movieappUITests;
			sourceTree = "<group>";
		};
/* End PBXGroup section */

/* Begin PBXNativeTarget section */
		E67A8B1829A88EAC002C8981 /* movieapp */ = {
			isa = PBXNativeTarget;
			buildConfigurationList = E67A8B3D29A88EAD002C8981 /* Build configuration list for PBXNativeTarget "movieapp" */;
			buildPhases = (
				E67A8B1529A88EAC002C8981 /* Sources */,
				E67A8B1629A88EAC002C8981 /* Frameworks */,
				E67A8B1729A88EAC002C8981 /* Resources */,
			);
			buildRules = (
			);
			dependencies = (
			);
			name = movieapp;
			productName = movieapp;
			productReference = E67A8B1929A88EAC002C8981 /* movieapp.app */;
			productType = "com.apple.product-type.application";
		};
		E67A8B2829A88EAD002C8981 /* movieappTests */ = {
			isa = PBXNativeTarget;
			buildConfigurationList = E67A8B4029A88EAD002C8981 /* Build configuration list for PBXNativeTarget "movieappTests" */;
			buildPhases = (
				E67A8B2529A88EAD002C8981 /* Sources */,
				E67A8B2629A88EAD002C8981 /* Frameworks */,
				E67A8B2729A88EAD002C8981 /* Resources */,
			);
			buildRules = (
			);
			dependencies = (
				E67A8B2B29A88EAD002C8981 /* PBXTargetDependency */,
			);
			name = movieappTests;
			productName = movieappTests;
			productReference = E67A8B2929A88EAD002C8981 /* movieappTests.xctest */;
			productType = "com.apple.product-type.bundle.unit-test";
		};
		E67A8B3229A88EAD002C8981 /* movieappUITests */ = {
			isa = PBXNativeTarget;
			buildConfigurationList = E67A8B4329A88EAD002C8981 /* Build configuration list for PBXNativeTarget "movieappUITests" */;
			buildPhases = (
				E67A8B2F29A88EAD002C8981 /* Sources */,
				E67A8B3029A88EAD002C8981 /* Frameworks */,
				E67A8B3129A88EAD002C8981 /* Resources */,
			);
			buildRules = (
			);
			dependencies = (
				E67A8B3529A88EAD002C8981 /* PBXTargetDependency */,
			);
			name = movieappUITests;
			productName = movieappUITests;
			productReference = E67A8B3329A88EAD002C8981 /* movieappUITests.xctest */;
			productType = "com.apple.product-type.bundle.ui-testing";
		};
/* End PBXNativeTarget section */

/* Begin PBXProject section */
		E67A8B1129A88EAC002C8981 /* Project object */ = {
			isa = PBXProject;
			attributes = {
				BuildIndependentTargetsInParallel = 1;
				LastSwiftUpdateCheck = 1310;
				LastUpgradeCheck = 1310;
				TargetAttributes = {
					E67A8B1829A88EAC002C8981 = {
						CreatedOnToolsVersion = 13.1;
					};
					E67A8B2829A88EAD002C8981 = {
						CreatedOnToolsVersion = 13.1;
						TestTargetID = E67A8B1829A88EAC002C8981;
					};
					E67A8B3229A88EAD002C8981 = {
						CreatedOnToolsVersion = 13.1;
						TestTargetID = E67A8B1829A88EAC002C8981;
					};
				};
			};
			buildConfigurationList = E67A8B1429A88EAC002C8981 /* Build configuration list for PBXProject "movieapp" */;
			compatibilityVersion = "Xcode 13.0";
			developmentRegion = en;
			hasScannedForEncodings = 0;
			knownRegions = (
				en,
				Base,
			);
			mainGroup = E67A8B1029A88EAC002C8981;
			productRefGroup = E67A8B1A29A88EAC002C8981 /* Products */;
			projectDirPath = "";
			projectRoot = "";
			targets = (
				E67A8B1829A88EAC002C8981 /* movieapp */,
				E67A8B2829A88EAD002C8981 /* movieappTests */,
				E67A8B3229A88EAD002C8981 /* movieappUITests */,
			);
		};
/* End PBXProject section */

/* Begin PBXResourcesBuildPhase section */
		E67A8B1729A88EAC002C8981 /* Resources */ = {
			isa = PBXResourcesBuildPhase;
			buildActionMask = 2147483647;
			files = (
				E67A8B2429A88EAD002C8981 /* Preview Assets.xcassets in Resources */,
				E6650CF229AA200A00631F2F /* BeVietnamPro-Regular.ttf in Resources */,
				E67A8B2129A88EAD002C8981 /* Assets.xcassets in Resources */,
				E6650CF529AA264D00631F2F /* BeVietnamPro-Bold.ttf in Resources */,
			);
			runOnlyForDeploymentPostprocessing = 0;
		};
		E67A8B2729A88EAD002C8981 /* Resources */ = {
			isa = PBXResourcesBuildPhase;
			buildActionMask = 2147483647;
			files = (
			);
			runOnlyForDeploymentPostprocessing = 0;
		};
		E67A8B3129A88EAD002C8981 /* Resources */ = {
			isa = PBXResourcesBuildPhase;
			buildActionMask = 2147483647;
			files = (
			);
			runOnlyForDeploymentPostprocessing = 0;
		};
/* End PBXResourcesBuildPhase section */

/* Begin PBXSourcesBuildPhase section */
		E67A8B1529A88EAC002C8981 /* Sources */ = {
			isa = PBXSourcesBuildPhase;
			buildActionMask = 2147483647;
			files = (
				E67A8B1F29A88EAC002C8981 /* ContentView.swift in Sources */,
				E6316A4E29AA632A00DB3372 /* MostPopularView.swift in Sources */,
				E6D94D7D29ADF5D700BD8382 /* ApiConfig.swift in Sources */,
				E6D94D8329AE089400BD8382 /* AppConfigs.swift in Sources */,
				E6D94D7729ADA97300BD8382 /* MostPopularRepository.swift in Sources */,
				E6D94D8129ADFC0700BD8382 /* ApiUrls.swift in Sources */,
				E67A8B1D29A88EAC002C8981 /* movieappApp.swift in Sources */,
				E6D94D7B29ADAB6D00BD8382 /* MostPopularResponse.swift in Sources */,
				E6316A5829AA8AB800DB3372 /* Carousel.swift in Sources */,
				E6650CED29AA074700631F2F /* CustomSearchBar.swift in Sources */,
			);
			runOnlyForDeploymentPostprocessing = 0;
		};
		E67A8B2529A88EAD002C8981 /* Sources */ = {
			isa = PBXSourcesBuildPhase;
			buildActionMask = 2147483647;
			files = (
				E67A8B2E29A88EAD002C8981 /* movieappTests.swift in Sources */,
			);
			runOnlyForDeploymentPostprocessing = 0;
		};
		E67A8B2F29A88EAD002C8981 /* Sources */ = {
			isa = PBXSourcesBuildPhase;
			buildActionMask = 2147483647;
			files = (
				E67A8B3A29A88EAD002C8981 /* movieappUITestsLaunchTests.swift in Sources */,
				E67A8B3829A88EAD002C8981 /* movieappUITests.swift in Sources */,
			);
			runOnlyForDeploymentPostprocessing = 0;
		};
/* End PBXSourcesBuildPhase section */

/* Begin PBXTargetDependency section */
		E67A8B2B29A88EAD002C8981 /* PBXTargetDependency */ = {
			isa = PBXTargetDependency;
			target = E67A8B1829A88EAC002C8981 /* movieapp */;
			targetProxy = E67A8B2A29A88EAD002C8981 /* PBXContainerItemProxy */;
		};
		E67A8B3529A88EAD002C8981 /* PBXTargetDependency */ = {
			isa = PBXTargetDependency;
			target = E67A8B1829A88EAC002C8981 /* movieapp */;
			targetProxy = E67A8B3429A88EAD002C8981 /* PBXContainerItemProxy */;
		};
/* End PBXTargetDependency section */

/* Begin XCBuildConfiguration section */
		E67A8B3B29A88EAD002C8981 /* Debug */ = {
			isa = XCBuildConfiguration;
			buildSettings = {
				ALWAYS_SEARCH_USER_PATHS = NO;
				CLANG_ANALYZER_NONNULL = YES;
				CLANG_ANALYZER_NUMBER_OBJECT_CONVERSION = YES_AGGRESSIVE;
				CLANG_CXX_LANGUAGE_STANDARD = "gnu++17";
				CLANG_CXX_LIBRARY = "libc++";
				CLANG_ENABLE_MODULES = YES;
				CLANG_ENABLE_OBJC_ARC = YES;
				CLANG_ENABLE_OBJC_WEAK = YES;
				CLANG_WARN_BLOCK_CAPTURE_AUTORELEASING = YES;
				CLANG_WARN_BOOL_CONVERSION = YES;
				CLANG_WARN_COMMA = YES;
				CLANG_WARN_CONSTANT_CONVERSION = YES;
				CLANG_WARN_DEPRECATED_OBJC_IMPLEMENTATIONS = YES;
				CLANG_WARN_DIRECT_OBJC_ISA_USAGE = YES_ERROR;
				CLANG_WARN_DOCUMENTATION_COMMENTS = YES;
				CLANG_WARN_EMPTY_BODY = YES;
				CLANG_WARN_ENUM_CONVERSION = YES;
				CLANG_WARN_INFINITE_RECURSION = YES;
				CLANG_WARN_INT_CONVERSION = YES;
				CLANG_WARN_NON_LITERAL_NULL_CONVERSION = YES;
				CLANG_WARN_OBJC_IMPLICIT_RETAIN_SELF = YES;
				CLANG_WARN_OBJC_LITERAL_CONVERSION = YES;
				CLANG_WARN_OBJC_ROOT_CLASS = YES_ERROR;
				CLANG_WARN_QUOTED_INCLUDE_IN_FRAMEWORK_HEADER = YES;
				CLANG_WARN_RANGE_LOOP_ANALYSIS = YES;
				CLANG_WARN_STRICT_PROTOTYPES = YES;
				CLANG_WARN_SUSPICIOUS_MOVE = YES;
				CLANG_WARN_UNGUARDED_AVAILABILITY = YES_AGGRESSIVE;
				CLANG_WARN_UNREACHABLE_CODE = YES;
				CLANG_WARN__DUPLICATE_METHOD_MATCH = YES;
				COPY_PHASE_STRIP = NO;
				DEBUG_INFORMATION_FORMAT = dwarf;
				ENABLE_STRICT_OBJC_MSGSEND = YES;
				ENABLE_TESTABILITY = YES;
				GCC_C_LANGUAGE_STANDARD = gnu11;
				GCC_DYNAMIC_NO_PIC = NO;
				GCC_NO_COMMON_BLOCKS = YES;
				GCC_OPTIMIZATION_LEVEL = 0;
				GCC_PREPROCESSOR_DEFINITIONS = (
					"DEBUG=1",
					"$(inherited)",
				);
				GCC_WARN_64_TO_32_BIT_CONVERSION = YES;
				GCC_WARN_ABOUT_RETURN_TYPE = YES_ERROR;
				GCC_WARN_UNDECLARED_SELECTOR = YES;
				GCC_WARN_UNINITIALIZED_AUTOS = YES_AGGRESSIVE;
				GCC_WARN_UNUSED_FUNCTION = YES;
				GCC_WARN_UNUSED_VARIABLE = YES;
				IPHONEOS_DEPLOYMENT_TARGET = 15.0;
				MTL_ENABLE_DEBUG_INFO = INCLUDE_SOURCE;
				MTL_FAST_MATH = YES;
				ONLY_ACTIVE_ARCH = YES;
				SDKROOT = iphoneos;
				SWIFT_ACTIVE_COMPILATION_CONDITIONS = DEBUG;
				SWIFT_OPTIMIZATION_LEVEL = "-Onone";
			};
			name = Debug;
		};
		E67A8B3C29A88EAD002C8981 /* Release */ = {
			isa = XCBuildConfiguration;
			buildSettings = {
				ALWAYS_SEARCH_USER_PATHS = NO;
				CLANG_ANALYZER_NONNULL = YES;
				CLANG_ANALYZER_NUMBER_OBJECT_CONVERSION = YES_AGGRESSIVE;
				CLANG_CXX_LANGUAGE_STANDARD = "gnu++17";
				CLANG_CXX_LIBRARY = "libc++";
				CLANG_ENABLE_MODULES = YES;
				CLANG_ENABLE_OBJC_ARC = YES;
				CLANG_ENABLE_OBJC_WEAK = YES;
				CLANG_WARN_BLOCK_CAPTURE_AUTORELEASING = YES;
				CLANG_WARN_BOOL_CONVERSION = YES;
				CLANG_WARN_COMMA = YES;
				CLANG_WARN_CONSTANT_CONVERSION = YES;
				CLANG_WARN_DEPRECATED_OBJC_IMPLEMENTATIONS = YES;
				CLANG_WARN_DIRECT_OBJC_ISA_USAGE = YES_ERROR;
				CLANG_WARN_DOCUMENTATION_COMMENTS = YES;
				CLANG_WARN_EMPTY_BODY = YES;
				CLANG_WARN_ENUM_CONVERSION = YES;
				CLANG_WARN_INFINITE_RECURSION = YES;
				CLANG_WARN_INT_CONVERSION = YES;
				CLANG_WARN_NON_LITERAL_NULL_CONVERSION = YES;
				CLANG_WARN_OBJC_IMPLICIT_RETAIN_SELF = YES;
				CLANG_WARN_OBJC_LITERAL_CONVERSION = YES;
				CLANG_WARN_OBJC_ROOT_CLASS = YES_ERROR;
				CLANG_WARN_QUOTED_INCLUDE_IN_FRAMEWORK_HEADER = YES;
				CLANG_WARN_RANGE_LOOP_ANALYSIS = YES;
				CLANG_WARN_STRICT_PROTOTYPES = YES;
				CLANG_WARN_SUSPICIOUS_MOVE = YES;
				CLANG_WARN_UNGUARDED_AVAILABILITY = YES_AGGRESSIVE;
				CLANG_WARN_UNREACHABLE_CODE = YES;
				CLANG_WARN__DUPLICATE_METHOD_MATCH = YES;
				COPY_PHASE_STRIP = NO;
				DEBUG_INFORMATION_FORMAT = "dwarf-with-dsym";
				ENABLE_NS_ASSERTIONS = NO;
				ENABLE_STRICT_OBJC_MSGSEND = YES;
				GCC_C_LANGUAGE_STANDARD = gnu11;
				GCC_NO_COMMON_BLOCKS = YES;
				GCC_WARN_64_TO_32_BIT_CONVERSION = YES;
				GCC_WARN_ABOUT_RETURN_TYPE = YES_ERROR;
				GCC_WARN_UNDECLARED_SELECTOR = YES;
				GCC_WARN_UNINITIALIZED_AUTOS = YES_AGGRESSIVE;
				GCC_WARN_UNUSED_FUNCTION = YES;
				GCC_WARN_UNUSED_VARIABLE = YES;
				IPHONEOS_DEPLOYMENT_TARGET = 15.0;
				MTL_ENABLE_DEBUG_INFO = NO;
				MTL_FAST_MATH = YES;
				SDKROOT = iphoneos;
				SWIFT_COMPILATION_MODE = wholemodule;
				SWIFT_OPTIMIZATION_LEVEL = "-O";
				VALIDATE_PRODUCT = YES;
			};
			name = Release;
		};
		E67A8B3E29A88EAD002C8981 /* Debug */ = {
			isa = XCBuildConfiguration;
			buildSettings = {
				ASSETCATALOG_COMPILER_APPICON_NAME = AppIcon;
				ASSETCATALOG_COMPILER_GLOBAL_ACCENT_COLOR_NAME = AccentColor;
				CODE_SIGN_STYLE = Automatic;
				CURRENT_PROJECT_VERSION = 1;
				DEVELOPMENT_ASSET_PATHS = "\"movieapp/Preview Content\"";
				ENABLE_PREVIEWS = YES;
				GENERATE_INFOPLIST_FILE = YES;
				INFOPLIST_FILE = movieapp/Info.plist;
				INFOPLIST_KEY_UIApplicationSceneManifest_Generation = YES;
				INFOPLIST_KEY_UIApplicationSupportsIndirectInputEvents = YES;
				INFOPLIST_KEY_UILaunchScreen_Generation = YES;
				INFOPLIST_KEY_UISupportedInterfaceOrientations_iPad = "UIInterfaceOrientationPortrait UIInterfaceOrientationPortraitUpsideDown UIInterfaceOrientationLandscapeLeft UIInterfaceOrientationLandscapeRight";
				INFOPLIST_KEY_UISupportedInterfaceOrientations_iPhone = "UIInterfaceOrientationPortrait UIInterfaceOrientationLandscapeLeft UIInterfaceOrientationLandscapeRight";
				LD_RUNPATH_SEARCH_PATHS = (
					"$(inherited)",
					"@executable_path/Frameworks",
				);
				MARKETING_VERSION = 1.0;
				PRODUCT_BUNDLE_IDENTIFIER = com.longtv.movieapp;
				PRODUCT_NAME = "$(TARGET_NAME)";
				SWIFT_EMIT_LOC_STRINGS = YES;
				SWIFT_VERSION = 5.0;
				TARGETED_DEVICE_FAMILY = "1,2";
			};
			name = Debug;
		};
		E67A8B3F29A88EAD002C8981 /* Release */ = {
			isa = XCBuildConfiguration;
			buildSettings = {
				ASSETCATALOG_COMPILER_APPICON_NAME = AppIcon;
				ASSETCATALOG_COMPILER_GLOBAL_ACCENT_COLOR_NAME = AccentColor;
				CODE_SIGN_STYLE = Automatic;
				CURRENT_PROJECT_VERSION = 1;
				DEVELOPMENT_ASSET_PATHS = "\"movieapp/Preview Content\"";
				ENABLE_PREVIEWS = YES;
				GENERATE_INFOPLIST_FILE = YES;
				INFOPLIST_FILE = movieapp/Info.plist;
				INFOPLIST_KEY_UIApplicationSceneManifest_Generation = YES;
				INFOPLIST_KEY_UIApplicationSupportsIndirectInputEvents = YES;
				INFOPLIST_KEY_UILaunchScreen_Generation = YES;
				INFOPLIST_KEY_UISupportedInterfaceOrientations_iPad = "UIInterfaceOrientationPortrait UIInterfaceOrientationPortraitUpsideDown UIInterfaceOrientationLandscapeLeft UIInterfaceOrientationLandscapeRight";
				INFOPLIST_KEY_UISupportedInterfaceOrientations_iPhone = "UIInterfaceOrientationPortrait UIInterfaceOrientationLandscapeLeft UIInterfaceOrientationLandscapeRight";
				LD_RUNPATH_SEARCH_PATHS = (
					"$(inherited)",
					"@executable_path/Frameworks",
				);
				MARKETING_VERSION = 1.0;
				PRODUCT_BUNDLE_IDENTIFIER = com.longtv.movieapp;
				PRODUCT_NAME = "$(TARGET_NAME)";
				SWIFT_EMIT_LOC_STRINGS = YES;
				SWIFT_VERSION = 5.0;
				TARGETED_DEVICE_FAMILY = "1,2";
			};
			name = Release;
		};
		E67A8B4129A88EAD002C8981 /* Debug */ = {
			isa = XCBuildConfiguration;
			buildSettings = {
				ALWAYS_EMBED_SWIFT_STANDARD_LIBRARIES = YES;
				BUNDLE_LOADER = "$(TEST_HOST)";
				CODE_SIGN_STYLE = Automatic;
				CURRENT_PROJECT_VERSION = 1;
				GENERATE_INFOPLIST_FILE = YES;
				IPHONEOS_DEPLOYMENT_TARGET = 15.0;
				LD_RUNPATH_SEARCH_PATHS = (
					"$(inherited)",
					"@executable_path/Frameworks",
					"@loader_path/Frameworks",
				);
				MARKETING_VERSION = 1.0;
				PRODUCT_BUNDLE_IDENTIFIER = com.longtv.movieappTests;
				PRODUCT_NAME = "$(TARGET_NAME)";
				SWIFT_EMIT_LOC_STRINGS = NO;
				SWIFT_VERSION = 5.0;
				TARGETED_DEVICE_FAMILY = "1,2";
				TEST_HOST = "$(BUILT_PRODUCTS_DIR)/movieapp.app/movieapp";
			};
			name = Debug;
		};
		E67A8B4229A88EAD002C8981 /* Release */ = {
			isa = XCBuildConfiguration;
			buildSettings = {
				ALWAYS_EMBED_SWIFT_STANDARD_LIBRARIES = YES;
				BUNDLE_LOADER = "$(TEST_HOST)";
				CODE_SIGN_STYLE = Automatic;
				CURRENT_PROJECT_VERSION = 1;
				GENERATE_INFOPLIST_FILE = YES;
				IPHONEOS_DEPLOYMENT_TARGET = 15.0;
				LD_RUNPATH_SEARCH_PATHS = (
					"$(inherited)",
					"@executable_path/Frameworks",
					"@loader_path/Frameworks",
				);
				MARKETING_VERSION = 1.0;
				PRODUCT_BUNDLE_IDENTIFIER = com.longtv.movieappTests;
				PRODUCT_NAME = "$(TARGET_NAME)";
				SWIFT_EMIT_LOC_STRINGS = NO;
				SWIFT_VERSION = 5.0;
				TARGETED_DEVICE_FAMILY = "1,2";
				TEST_HOST = "$(BUILT_PRODUCTS_DIR)/movieapp.app/movieapp";
			};
			name = Release;
		};
		E67A8B4429A88EAD002C8981 /* Debug */ = {
			isa = XCBuildConfiguration;
			buildSettings = {
				ALWAYS_EMBED_SWIFT_STANDARD_LIBRARIES = YES;
				CODE_SIGN_STYLE = Automatic;
				CURRENT_PROJECT_VERSION = 1;
				GENERATE_INFOPLIST_FILE = YES;
				LD_RUNPATH_SEARCH_PATHS = (
					"$(inherited)",
					"@executable_path/Frameworks",
					"@loader_path/Frameworks",
				);
				MARKETING_VERSION = 1.0;
				PRODUCT_BUNDLE_IDENTIFIER = com.longtv.movieappUITests;
				PRODUCT_NAME = "$(TARGET_NAME)";
				SWIFT_EMIT_LOC_STRINGS = NO;
				SWIFT_VERSION = 5.0;
				TARGETED_DEVICE_FAMILY = "1,2";
				TEST_TARGET_NAME = movieapp;
			};
			name = Debug;
		};
		E67A8B4529A88EAD002C8981 /* Release */ = {
			isa = XCBuildConfiguration;
			buildSettings = {
				ALWAYS_EMBED_SWIFT_STANDARD_LIBRARIES = YES;
				CODE_SIGN_STYLE = Automatic;
				CURRENT_PROJECT_VERSION = 1;
				GENERATE_INFOPLIST_FILE = YES;
				LD_RUNPATH_SEARCH_PATHS = (
					"$(inherited)",
					"@executable_path/Frameworks",
					"@loader_path/Frameworks",
				);
				MARKETING_VERSION = 1.0;
				PRODUCT_BUNDLE_IDENTIFIER = com.longtv.movieappUITests;
				PRODUCT_NAME = "$(TARGET_NAME)";
				SWIFT_EMIT_LOC_STRINGS = NO;
				SWIFT_VERSION = 5.0;
				TARGETED_DEVICE_FAMILY = "1,2";
				TEST_TARGET_NAME = movieapp;
			};
			name = Release;
		};
/* End XCBuildConfiguration section */

/* Begin XCConfigurationList section */
		E67A8B1429A88EAC002C8981 /* Build configuration list for PBXProject "movieapp" */ = {
			isa = XCConfigurationList;
			buildConfigurations = (
				E67A8B3B29A88EAD002C8981 /* Debug */,
				E67A8B3C29A88EAD002C8981 /* Release */,
			);
			defaultConfigurationIsVisible = 0;
			defaultConfigurationName = Release;
		};
		E67A8B3D29A88EAD002C8981 /* Build configuration list for PBXNativeTarget "movieapp" */ = {
			isa = XCConfigurationList;
			buildConfigurations = (
				E67A8B3E29A88EAD002C8981 /* Debug */,
				E67A8B3F29A88EAD002C8981 /* Release */,
			);
			defaultConfigurationIsVisible = 0;
			defaultConfigurationName = Release;
		};
		E67A8B4029A88EAD002C8981 /* Build configuration list for PBXNativeTarget "movieappTests" */ = {
			isa = XCConfigurationList;
			buildConfigurations = (
				E67A8B4129A88EAD002C8981 /* Debug */,
				E67A8B4229A88EAD002C8981 /* Release */,
			);
			defaultConfigurationIsVisible = 0;
			defaultConfigurationName = Release;
		};
		E67A8B4329A88EAD002C8981 /* Build configuration list for PBXNativeTarget "movieappUITests" */ = {
			isa = XCConfigurationList;
			buildConfigurations = (
				E67A8B4429A88EAD002C8981 /* Debug */,
				E67A8B4529A88EAD002C8981 /* Release */,
			);
			defaultConfigurationIsVisible = 0;
			defaultConfigurationName = Release;
		};
/* End XCConfigurationList section */
	};
	rootObject = E67A8B1129A88EAC002C8981 /* Project object */;
}
